// !$*UTF8*$!
{
	archiveVersion = 1;
	classes = {
	};
	objectVersion = 56;
	objects = {

/* Begin PBXBuildFile section */
		D81253862A18C74200F0665C /* AppDelegate.swift in Sources */ = {isa = PBXBuildFile; fileRef = D81253852A18C74200F0665C /* AppDelegate.swift */; };
		D81253882A18C74200F0665C /* HomeScene.sks in Resources */ = {isa = PBXBuildFile; fileRef = D81253872A18C74200F0665C /* HomeScene.sks */; };
		D812538A2A18C74200F0665C /* Actions.sks in Resources */ = {isa = PBXBuildFile; fileRef = D81253892A18C74200F0665C /* Actions.sks */; };
		D812538C2A18C74200F0665C /* HomeScene.swift in Sources */ = {isa = PBXBuildFile; fileRef = D812538B2A18C74200F0665C /* HomeScene.swift */; };
		D812538E2A18C74200F0665C /* ViewController.swift in Sources */ = {isa = PBXBuildFile; fileRef = D812538D2A18C74200F0665C /* ViewController.swift */; };
		D81253902A18C74200F0665C /* Assets.xcassets in Resources */ = {isa = PBXBuildFile; fileRef = D812538F2A18C74200F0665C /* Assets.xcassets */; };
		D81253932A18C74200F0665C /* Main.storyboard in Resources */ = {isa = PBXBuildFile; fileRef = D81253912A18C74200F0665C /* Main.storyboard */; };
		D812539D2A18E80800F0665C /* GameScene.sks in Resources */ = {isa = PBXBuildFile; fileRef = D812539C2A18E80800F0665C /* GameScene.sks */; };
		D812539F2A18E8AB00F0665C /* ButtonNode.swift in Sources */ = {isa = PBXBuildFile; fileRef = D812539E2A18E8AB00F0665C /* ButtonNode.swift */; };
		D81253A22A18F8F800F0665C /* GameScene.swift in Sources */ = {isa = PBXBuildFile; fileRef = D81253A12A18F8F800F0665C /* GameScene.swift */; };
		D81253A42A18F9D100F0665C /* StatScene.sks in Resources */ = {isa = PBXBuildFile; fileRef = D81253A32A18F9D100F0665C /* StatScene.sks */; };
		D81253A62A18F9FE00F0665C /* HowToPlayScene.sks in Resources */ = {isa = PBXBuildFile; fileRef = D81253A52A18F9FE00F0665C /* HowToPlayScene.sks */; };
/* End PBXBuildFile section */

/* Begin PBXFileReference section */
		D81253822A18C74200F0665C /* TyperGame.app */ = {isa = PBXFileReference; explicitFileType = wrapper.application; includeInIndex = 0; path = TyperGame.app; sourceTree = BUILT_PRODUCTS_DIR; };
		D81253852A18C74200F0665C /* AppDelegate.swift */ = {isa = PBXFileReference; lastKnownFileType = sourcecode.swift; path = AppDelegate.swift; sourceTree = "<group>"; };
		D81253872A18C74200F0665C /* HomeScene.sks */ = {isa = PBXFileReference; lastKnownFileType = file.sks; path = HomeScene.sks; sourceTree = "<group>"; };
		D81253892A18C74200F0665C /* Actions.sks */ = {isa = PBXFileReference; lastKnownFileType = file.sks; path = Actions.sks; sourceTree = "<group>"; };
		D812538B2A18C74200F0665C /* HomeScene.swift */ = {isa = PBXFileReference; lastKnownFileType = sourcecode.swift; path = HomeScene.swift; sourceTree = "<group>"; };
		D812538D2A18C74200F0665C /* ViewController.swift */ = {isa = PBXFileReference; lastKnownFileType = sourcecode.swift; path = ViewController.swift; sourceTree = "<group>"; };
		D812538F2A18C74200F0665C /* Assets.xcassets */ = {isa = PBXFileReference; lastKnownFileType = folder.assetcatalog; path = Assets.xcassets; sourceTree = "<group>"; };
		D81253922A18C74200F0665C /* Base */ = {isa = PBXFileReference; lastKnownFileType = file.storyboard; name = Base; path = Base.lproj/Main.storyboard; sourceTree = "<group>"; };
		D81253942A18C74200F0665C /* TyperGame.entitlements */ = {isa = PBXFileReference; lastKnownFileType = text.plist.entitlements; path = TyperGame.entitlements; sourceTree = "<group>"; };
		D812539C2A18E80800F0665C /* GameScene.sks */ = {isa = PBXFileReference; lastKnownFileType = file.sks; path = GameScene.sks; sourceTree = "<group>"; };
		D812539E2A18E8AB00F0665C /* ButtonNode.swift */ = {isa = PBXFileReference; lastKnownFileType = sourcecode.swift; path = ButtonNode.swift; sourceTree = "<group>"; };
		D81253A12A18F8F800F0665C /* GameScene.swift */ = {isa = PBXFileReference; lastKnownFileType = sourcecode.swift; path = GameScene.swift; sourceTree = "<group>"; };
		D81253A32A18F9D100F0665C /* StatScene.sks */ = {isa = PBXFileReference; lastKnownFileType = file.sks; path = StatScene.sks; sourceTree = "<group>"; };
		D81253A52A18F9FE00F0665C /* HowToPlayScene.sks */ = {isa = PBXFileReference; lastKnownFileType = file.sks; path = HowToPlayScene.sks; sourceTree = "<group>"; };
/* End PBXFileReference section */

/* Begin PBXFrameworksBuildPhase section */
		D812537F2A18C74200F0665C /* Frameworks */ = {
			isa = PBXFrameworksBuildPhase;
			buildActionMask = 2147483647;
			files = (
			);
			runOnlyForDeploymentPostprocessing = 0;
		};
/* End PBXFrameworksBuildPhase section */

/* Begin PBXGroup section */
		D81253792A18C74200F0665C = {
			isa = PBXGroup;
			children = (
				D81253842A18C74200F0665C /* TyperGame */,
				D81253832A18C74200F0665C /* Products */,
			);
			sourceTree = "<group>";
		};
		D81253832A18C74200F0665C /* Products */ = {
			isa = PBXGroup;
			children = (
				D81253822A18C74200F0665C /* TyperGame.app */,
			);
			name = Products;
			sourceTree = "<group>";
		};
		D81253842A18C74200F0665C /* TyperGame */ = {
			isa = PBXGroup;
			children = (
				D81253A02A18E8AF00F0665C /* Components */,
				D812539B2A18CF4F00F0665C /* Scenes */,
				D812539A2A18CF4200F0665C /* SKS */,
				D81253852A18C74200F0665C /* AppDelegate.swift */,
				D812538D2A18C74200F0665C /* ViewController.swift */,
				D812538F2A18C74200F0665C /* Assets.xcassets */,
				D81253912A18C74200F0665C /* Main.storyboard */,
				D81253942A18C74200F0665C /* TyperGame.entitlements */,
			);
			path = TyperGame;
			sourceTree = "<group>";
		};
		D812539A2A18CF4200F0665C /* SKS */ = {
			isa = PBXGroup;
			children = (
				D81253872A18C74200F0665C /* HomeScene.sks */,
				D81253892A18C74200F0665C /* Actions.sks */,
				D812539C2A18E80800F0665C /* GameScene.sks */,
				D81253A32A18F9D100F0665C /* StatScene.sks */,
				D81253A52A18F9FE00F0665C /* HowToPlayScene.sks */,
			);
			path = SKS;
			sourceTree = "<group>";
		};
		D812539B2A18CF4F00F0665C /* Scenes */ = {
			isa = PBXGroup;
			children = (
				D812538B2A18C74200F0665C /* HomeScene.swift */,
				D81253A12A18F8F800F0665C /* GameScene.swift */,
			);
			path = Scenes;
			sourceTree = "<group>";
		};
		D81253A02A18E8AF00F0665C /* Components */ = {
			isa = PBXGroup;
			children = (
				D812539E2A18E8AB00F0665C /* ButtonNode.swift */,
			);
			path = Components;
			sourceTree = "<group>";
		};
/* End PBXGroup section */

/* Begin PBXNativeTarget section */
		D81253812A18C74200F0665C /* TyperGame */ = {
			isa = PBXNativeTarget;
			buildConfigurationList = D81253972A18C74200F0665C /* Build configuration list for PBXNativeTarget "TyperGame" */;
			buildPhases = (
				D812537E2A18C74200F0665C /* Sources */,
				D812537F2A18C74200F0665C /* Frameworks */,
				D81253802A18C74200F0665C /* Resources */,
			);
			buildRules = (
			);
			dependencies = (
			);
			name = TyperGame;
			productName = TyperGame;
			productReference = D81253822A18C74200F0665C /* TyperGame.app */;
			productType = "com.apple.product-type.application";
		};
/* End PBXNativeTarget section */

/* Begin PBXProject section */
		D812537A2A18C74200F0665C /* Project object */ = {
			isa = PBXProject;
			attributes = {
				BuildIndependentTargetsInParallel = 1;
				LastSwiftUpdateCheck = 1430;
				LastUpgradeCheck = 1430;
				TargetAttributes = {
					D81253812A18C74200F0665C = {
						CreatedOnToolsVersion = 14.3;
					};
				};
			};
			buildConfigurationList = D812537D2A18C74200F0665C /* Build configuration list for PBXProject "TyperGame" */;
			compatibilityVersion = "Xcode 14.0";
			developmentRegion = en;
			hasScannedForEncodings = 0;
			knownRegions = (
				en,
				Base,
			);
			mainGroup = D81253792A18C74200F0665C;
			productRefGroup = D81253832A18C74200F0665C /* Products */;
			projectDirPath = "";
			projectRoot = "";
			targets = (
				D81253812A18C74200F0665C /* TyperGame */,
			);
		};
/* End PBXProject section */

/* Begin PBXResourcesBuildPhase section */
		D81253802A18C74200F0665C /* Resources */ = {
			isa = PBXResourcesBuildPhase;
			buildActionMask = 2147483647;
			files = (
				D81253A62A18F9FE00F0665C /* HowToPlayScene.sks in Resources */,
				D81253882A18C74200F0665C /* HomeScene.sks in Resources */,
				D812539D2A18E80800F0665C /* GameScene.sks in Resources */,
				D81253902A18C74200F0665C /* Assets.xcassets in Resources */,
				D812538A2A18C74200F0665C /* Actions.sks in Resources */,
				D81253A42A18F9D100F0665C /* StatScene.sks in Resources */,
				D81253932A18C74200F0665C /* Main.storyboard in Resources */,
			);
			runOnlyForDeploymentPostprocessing = 0;
		};
/* End PBXResourcesBuildPhase section */

/* Begin PBXSourcesBuildPhase section */
		D812537E2A18C74200F0665C /* Sources */ = {
			isa = PBXSourcesBuildPhase;
			buildActionMask = 2147483647;
			files = (
				D81253A22A18F8F800F0665C /* GameScene.swift in Sources */,
				D812538E2A18C74200F0665C /* ViewController.swift in Sources */,
				D812538C2A18C74200F0665C /* HomeScene.swift in Sources */,
				D81253862A18C74200F0665C /* AppDelegate.swift in Sources */,
				D812539F2A18E8AB00F0665C /* ButtonNode.swift in Sources */,
			);
			runOnlyForDeploymentPostprocessing = 0;
		};
/* End PBXSourcesBuildPhase section */

/* Begin PBXVariantGroup section */
		D81253912A18C74200F0665C /* Main.storyboard */ = {
			isa = PBXVariantGroup;
			children = (
				D81253922A18C74200F0665C /* Base */,
			);
			name = Main.storyboard;
			sourceTree = "<group>";
		};
/* End PBXVariantGroup section */

/* Begin XCBuildConfiguration section */
		D81253952A18C74200F0665C /* Debug */ = {
			isa = XCBuildConfiguration;
			buildSettings = {
				ALWAYS_SEARCH_USER_PATHS = NO;
				CLANG_ANALYZER_NONNULL = YES;
				CLANG_ANALYZER_NUMBER_OBJECT_CONVERSION = YES_AGGRESSIVE;
				CLANG_CXX_LANGUAGE_STANDARD = "gnu++20";
				CLANG_ENABLE_MODULES = YES;
				CLANG_ENABLE_OBJC_ARC = YES;
				CLANG_ENABLE_OBJC_WEAK = YES;
				CLANG_WARN_BLOCK_CAPTURE_AUTORELEASING = YES;
				CLANG_WARN_BOOL_CONVERSION = YES;
				CLANG_WARN_COMMA = YES;
				CLANG_WARN_CONSTANT_CONVERSION = YES;
				CLANG_WARN_DEPRECATED_OBJC_IMPLEMENTATIONS = YES;
				CLANG_WARN_DIRECT_OBJC_ISA_USAGE = YES_ERROR;
				CLANG_WARN_DOCUMENTATION_COMMENTS = YES;
				CLANG_WARN_EMPTY_BODY = YES;
				CLANG_WARN_ENUM_CONVERSION = YES;
				CLANG_WARN_INFINITE_RECURSION = YES;
				CLANG_WARN_INT_CONVERSION = YES;
				CLANG_WARN_NON_LITERAL_NULL_CONVERSION = YES;
				CLANG_WARN_OBJC_IMPLICIT_RETAIN_SELF = YES;
				CLANG_WARN_OBJC_LITERAL_CONVERSION = YES;
				CLANG_WARN_OBJC_ROOT_CLASS = YES_ERROR;
				CLANG_WARN_QUOTED_INCLUDE_IN_FRAMEWORK_HEADER = YES;
				CLANG_WARN_RANGE_LOOP_ANALYSIS = YES;
				CLANG_WARN_STRICT_PROTOTYPES = YES;
				CLANG_WARN_SUSPICIOUS_MOVE = YES;
				CLANG_WARN_UNGUARDED_AVAILABILITY = YES_AGGRESSIVE;
				CLANG_WARN_UNREACHABLE_CODE = YES;
				CLANG_WARN__DUPLICATE_METHOD_MATCH = YES;
				COPY_PHASE_STRIP = NO;
				DEBUG_INFORMATION_FORMAT = dwarf;
				ENABLE_STRICT_OBJC_MSGSEND = YES;
				ENABLE_TESTABILITY = YES;
				GCC_C_LANGUAGE_STANDARD = gnu11;
				GCC_DYNAMIC_NO_PIC = NO;
				GCC_NO_COMMON_BLOCKS = YES;
				GCC_OPTIMIZATION_LEVEL = 0;
				GCC_PREPROCESSOR_DEFINITIONS = (
					"DEBUG=1",
					"$(inherited)",
				);
				GCC_WARN_64_TO_32_BIT_CONVERSION = YES;
				GCC_WARN_ABOUT_RETURN_TYPE = YES_ERROR;
				GCC_WARN_UNDECLARED_SELECTOR = YES;
				GCC_WARN_UNINITIALIZED_AUTOS = YES_AGGRESSIVE;
				GCC_WARN_UNUSED_FUNCTION = YES;
				GCC_WARN_UNUSED_VARIABLE = YES;
				MACOSX_DEPLOYMENT_TARGET = 13.3;
				MTL_ENABLE_DEBUG_INFO = INCLUDE_SOURCE;
				MTL_FAST_MATH = YES;
				ONLY_ACTIVE_ARCH = YES;
				SDKROOT = macosx;
				SWIFT_ACTIVE_COMPILATION_CONDITIONS = DEBUG;
				SWIFT_OPTIMIZATION_LEVEL = "-Onone";
			};
			name = Debug;
		};
		D81253962A18C74200F0665C /* Release */ = {
			isa = XCBuildConfiguration;
			buildSettings = {
				ALWAYS_SEARCH_USER_PATHS = NO;
				CLANG_ANALYZER_NONNULL = YES;
				CLANG_ANALYZER_NUMBER_OBJECT_CONVERSION = YES_AGGRESSIVE;
				CLANG_CXX_LANGUAGE_STANDARD = "gnu++20";
				CLANG_ENABLE_MODULES = YES;
				CLANG_ENABLE_OBJC_ARC = YES;
				CLANG_ENABLE_OBJC_WEAK = YES;
				CLANG_WARN_BLOCK_CAPTURE_AUTORELEASING = YES;
				CLANG_WARN_BOOL_CONVERSION = YES;
				CLANG_WARN_COMMA = YES;
				CLANG_WARN_CONSTANT_CONVERSION = YES;
				CLANG_WARN_DEPRECATED_OBJC_IMPLEMENTATIONS = YES;
				CLANG_WARN_DIRECT_OBJC_ISA_USAGE = YES_ERROR;
				CLANG_WARN_DOCUMENTATION_COMMENTS = YES;
				CLANG_WARN_EMPTY_BODY = YES;
				CLANG_WARN_ENUM_CONVERSION = YES;
				CLANG_WARN_INFINITE_RECURSION = YES;
				CLANG_WARN_INT_CONVERSION = YES;
				CLANG_WARN_NON_LITERAL_NULL_CONVERSION = YES;
				CLANG_WARN_OBJC_IMPLICIT_RETAIN_SELF = YES;
				CLANG_WARN_OBJC_LITERAL_CONVERSION = YES;
				CLANG_WARN_OBJC_ROOT_CLASS = YES_ERROR;
				CLANG_WARN_QUOTED_INCLUDE_IN_FRAMEWORK_HEADER = YES;
				CLANG_WARN_RANGE_LOOP_ANALYSIS = YES;
				CLANG_WARN_STRICT_PROTOTYPES = YES;
				CLANG_WARN_SUSPICIOUS_MOVE = YES;
				CLANG_WARN_UNGUARDED_AVAILABILITY = YES_AGGRESSIVE;
				CLANG_WARN_UNREACHABLE_CODE = YES;
				CLANG_WARN__DUPLICATE_METHOD_MATCH = YES;
				COPY_PHASE_STRIP = NO;
				DEBUG_INFORMATION_FORMAT = "dwarf-with-dsym";
				ENABLE_NS_ASSERTIONS = NO;
				ENABLE_STRICT_OBJC_MSGSEND = YES;
				GCC_C_LANGUAGE_STANDARD = gnu11;
				GCC_NO_COMMON_BLOCKS = YES;
				GCC_WARN_64_TO_32_BIT_CONVERSION = YES;
				GCC_WARN_ABOUT_RETURN_TYPE = YES_ERROR;
				GCC_WARN_UNDECLARED_SELECTOR = YES;
				GCC_WARN_UNINITIALIZED_AUTOS = YES_AGGRESSIVE;
				GCC_WARN_UNUSED_FUNCTION = YES;
				GCC_WARN_UNUSED_VARIABLE = YES;
				MACOSX_DEPLOYMENT_TARGET = 13.3;
				MTL_ENABLE_DEBUG_INFO = NO;
				MTL_FAST_MATH = YES;
				SDKROOT = macosx;
				SWIFT_COMPILATION_MODE = wholemodule;
				SWIFT_OPTIMIZATION_LEVEL = "-O";
			};
			name = Release;
		};
		D81253982A18C74200F0665C /* Debug */ = {
			isa = XCBuildConfiguration;
			buildSettings = {
				ASSETCATALOG_COMPILER_APPICON_NAME = AppIcon;
				ASSETCATALOG_COMPILER_GLOBAL_ACCENT_COLOR_NAME = AccentColor;
				CODE_SIGN_ENTITLEMENTS = TyperGame/TyperGame.entitlements;
				CODE_SIGN_STYLE = Automatic;
				COMBINE_HIDPI_IMAGES = YES;
				CURRENT_PROJECT_VERSION = 1;
				DEVELOPMENT_TEAM = MH2BSYHQQX;
				ENABLE_HARDENED_RUNTIME = YES;
				GENERATE_INFOPLIST_FILE = YES;
				INFOPLIST_KEY_NSHumanReadableCopyright = "";
				INFOPLIST_KEY_NSMainStoryboardFile = Main;
				INFOPLIST_KEY_NSPrincipalClass = NSApplication;
				LD_RUNPATH_SEARCH_PATHS = (
					"$(inherited)",
					"@executable_path/../Frameworks",
				);
				MARKETING_VERSION = 1.0;
				PRODUCT_BUNDLE_IDENTIFIER = me.Dallian.Kevin.TyperGame;
				PRODUCT_NAME = "$(TARGET_NAME)";
				SWIFT_EMIT_LOC_STRINGS = YES;
				SWIFT_VERSION = 5.0;
			};
			name = Debug;
		};
		D81253992A18C74200F0665C /* Release */ = {
			isa = XCBuildConfiguration;
			buildSettings = {
				ASSETCATALOG_COMPILER_APPICON_NAME = AppIcon;
				ASSETCATALOG_COMPILER_GLOBAL_ACCENT_COLOR_NAME = AccentColor;
				CODE_SIGN_ENTITLEMENTS = TyperGame/TyperGame.entitlements;
				CODE_SIGN_STYLE = Automatic;
				COMBINE_HIDPI_IMAGES = YES;
				CURRENT_PROJECT_VERSION = 1;
				DEVELOPMENT_TEAM = MH2BSYHQQX;
				ENABLE_HARDENED_RUNTIME = YES;
				GENERATE_INFOPLIST_FILE = YES;
				INFOPLIST_KEY_NSHumanReadableCopyright = "";
				INFOPLIST_KEY_NSMainStoryboardFile = Main;
				INFOPLIST_KEY_NSPrincipalClass = NSApplication;
				LD_RUNPATH_SEARCH_PATHS = (
					"$(inherited)",
					"@executable_path/../Frameworks",
				);
				MARKETING_VERSION = 1.0;
				PRODUCT_BUNDLE_IDENTIFIER = me.Dallian.Kevin.TyperGame;
				PRODUCT_NAME = "$(TARGET_NAME)";
				SWIFT_EMIT_LOC_STRINGS = YES;
				SWIFT_VERSION = 5.0;
			};
			name = Release;
		};
/* End XCBuildConfiguration section */

/* Begin XCConfigurationList section */
		D812537D2A18C74200F0665C /* Build configuration list for PBXProject "TyperGame" */ = {
			isa = XCConfigurationList;
			buildConfigurations = (
				D81253952A18C74200F0665C /* Debug */,
				D81253962A18C74200F0665C /* Release */,
			);
			defaultConfigurationIsVisible = 0;
			defaultConfigurationName = Release;
		};
		D81253972A18C74200F0665C /* Build configuration list for PBXNativeTarget "TyperGame" */ = {
			isa = XCConfigurationList;
			buildConfigurations = (
				D81253982A18C74200F0665C /* Debug */,
				D81253992A18C74200F0665C /* Release */,
			);
			defaultConfigurationIsVisible = 0;
			defaultConfigurationName = Release;
		};
/* End XCConfigurationList section */
	};
	rootObject = D812537A2A18C74200F0665C /* Project object */;
}
